// !$*UTF8*$!
{
	archiveVersion = 1;
	classes = {
	};
	objectVersion = 51;
	objects = {

/* Begin PBXBuildFile section */
		36476AAF92FEA20E3CED46DF /* Pods_Project_moobarak_final_Project_moobarak_finalUITests.framework in Frameworks */ = {isa = PBXBuildFile; fileRef = D50509593632173809D66952 /* Pods_Project_moobarak_final_Project_moobarak_finalUITests.framework */; };
		3E0B2207CA870EA4698A9B2A /* Pods_Project_moobarak_finalTests.framework in Frameworks */ = {isa = PBXBuildFile; fileRef = 4EA7588C5B13DFBBF6C2BA75 /* Pods_Project_moobarak_finalTests.framework */; };
		C684070A6A6C478829765F10 /* Pods_Project_moobarak_final.framework in Frameworks */ = {isa = PBXBuildFile; fileRef = 69911AD55A82976CA8E84380 /* Pods_Project_moobarak_final.framework */; };
		D945FB2D24A1445900DBD8F1 /* AppDelegate.swift in Sources */ = {isa = PBXBuildFile; fileRef = D945FB2C24A1445900DBD8F1 /* AppDelegate.swift */; };
		D945FB2F24A1445900DBD8F1 /* SceneDelegate.swift in Sources */ = {isa = PBXBuildFile; fileRef = D945FB2E24A1445900DBD8F1 /* SceneDelegate.swift */; };
		D945FB3124A1445900DBD8F1 /* ViewController.swift in Sources */ = {isa = PBXBuildFile; fileRef = D945FB3024A1445900DBD8F1 /* ViewController.swift */; };
		D945FB3424A1445900DBD8F1 /* Main.storyboard in Resources */ = {isa = PBXBuildFile; fileRef = D945FB3224A1445900DBD8F1 /* Main.storyboard */; };
		D945FB3624A1445E00DBD8F1 /* Assets.xcassets in Resources */ = {isa = PBXBuildFile; fileRef = D945FB3524A1445E00DBD8F1 /* Assets.xcassets */; };
		D945FB3924A1445E00DBD8F1 /* LaunchScreen.storyboard in Resources */ = {isa = PBXBuildFile; fileRef = D945FB3724A1445E00DBD8F1 /* LaunchScreen.storyboard */; };
		D945FB4424A1445E00DBD8F1 /* Project_moobarak_finalTests.swift in Sources */ = {isa = PBXBuildFile; fileRef = D945FB4324A1445E00DBD8F1 /* Project_moobarak_finalTests.swift */; };
		D945FB4F24A1445E00DBD8F1 /* Project_moobarak_finalUITests.swift in Sources */ = {isa = PBXBuildFile; fileRef = D945FB4E24A1445E00DBD8F1 /* Project_moobarak_finalUITests.swift */; };
		D945FB5D24A1456100DBD8F1 /* GoogleService-Info.plist in Resources */ = {isa = PBXBuildFile; fileRef = D945FB5C24A1456100DBD8F1 /* GoogleService-Info.plist */; };
/* End PBXBuildFile section */

/* Begin PBXContainerItemProxy section */
		D945FB4024A1445E00DBD8F1 /* PBXContainerItemProxy */ = {
			isa = PBXContainerItemProxy;
			containerPortal = D945FB2124A1445900DBD8F1 /* Project object */;
			proxyType = 1;
			remoteGlobalIDString = D945FB2824A1445900DBD8F1;
			remoteInfo = Project_moobarak_final;
		};
		D945FB4B24A1445E00DBD8F1 /* PBXContainerItemProxy */ = {
			isa = PBXContainerItemProxy;
			containerPortal = D945FB2124A1445900DBD8F1 /* Project object */;
			proxyType = 1;
			remoteGlobalIDString = D945FB2824A1445900DBD8F1;
			remoteInfo = Project_moobarak_final;
		};
/* End PBXContainerItemProxy section */

/* Begin PBXFileReference section */
		0EF850D49CCF8A156B32FEEE /* Pods-Project_moobarak_final-Project_moobarak_finalUITests.release.xcconfig */ = {isa = PBXFileReference; includeInIndex = 1; lastKnownFileType = text.xcconfig; name = "Pods-Project_moobarak_final-Project_moobarak_finalUITests.release.xcconfig"; path = "Target Support Files/Pods-Project_moobarak_final-Project_moobarak_finalUITests/Pods-Project_moobarak_final-Project_moobarak_finalUITests.release.xcconfig"; sourceTree = "<group>"; };
		4EA7588C5B13DFBBF6C2BA75 /* Pods_Project_moobarak_finalTests.framework */ = {isa = PBXFileReference; explicitFileType = wrapper.framework; includeInIndex = 0; path = Pods_Project_moobarak_finalTests.framework; sourceTree = BUILT_PRODUCTS_DIR; };
		5327AEEA647F43597018EF76 /* Pods-Project_moobarak_finalTests.debug.xcconfig */ = {isa = PBXFileReference; includeInIndex = 1; lastKnownFileType = text.xcconfig; name = "Pods-Project_moobarak_finalTests.debug.xcconfig"; path = "Target Support Files/Pods-Project_moobarak_finalTests/Pods-Project_moobarak_finalTests.debug.xcconfig"; sourceTree = "<group>"; };
		69911AD55A82976CA8E84380 /* Pods_Project_moobarak_final.framework */ = {isa = PBXFileReference; explicitFileType = wrapper.framework; includeInIndex = 0; path = Pods_Project_moobarak_final.framework; sourceTree = BUILT_PRODUCTS_DIR; };
		A72B5C81AF587E69FE8E40B4 /* Pods-Project_moobarak_final.release.xcconfig */ = {isa = PBXFileReference; includeInIndex = 1; lastKnownFileType = text.xcconfig; name = "Pods-Project_moobarak_final.release.xcconfig"; path = "Target Support Files/Pods-Project_moobarak_final/Pods-Project_moobarak_final.release.xcconfig"; sourceTree = "<group>"; };
		C1B09C56C7BAD225FAAECDE0 /* Pods-Project_moobarak_final-Project_moobarak_finalUITests.debug.xcconfig */ = {isa = PBXFileReference; includeInIndex = 1; lastKnownFileType = text.xcconfig; name = "Pods-Project_moobarak_final-Project_moobarak_finalUITests.debug.xcconfig"; path = "Target Support Files/Pods-Project_moobarak_final-Project_moobarak_finalUITests/Pods-Project_moobarak_final-Project_moobarak_finalUITests.debug.xcconfig"; sourceTree = "<group>"; };
		CCCB4A2B1BD8B9827870188A /* Pods-Project_moobarak_final.debug.xcconfig */ = {isa = PBXFileReference; includeInIndex = 1; lastKnownFileType = text.xcconfig; name = "Pods-Project_moobarak_final.debug.xcconfig"; path = "Target Support Files/Pods-Project_moobarak_final/Pods-Project_moobarak_final.debug.xcconfig"; sourceTree = "<group>"; };
		D50509593632173809D66952 /* Pods_Project_moobarak_final_Project_moobarak_finalUITests.framework */ = {isa = PBXFileReference; explicitFileType = wrapper.framework; includeInIndex = 0; path = Pods_Project_moobarak_final_Project_moobarak_finalUITests.framework; sourceTree = BUILT_PRODUCTS_DIR; };
		D945FB2924A1445900DBD8F1 /* Project_moobarak_final.app */ = {isa = PBXFileReference; explicitFileType = wrapper.application; includeInIndex = 0; name = Project_moobarak_final.app; path = "/Users/alaydesai/Documents/Project_moobarak_final/build/Debug-iphoneos/Project_moobarak_final.app"; sourceTree = "<absolute>"; };
		D945FB2C24A1445900DBD8F1 /* AppDelegate.swift */ = {isa = PBXFileReference; lastKnownFileType = sourcecode.swift; path = AppDelegate.swift; sourceTree = "<group>"; };
		D945FB2E24A1445900DBD8F1 /* SceneDelegate.swift */ = {isa = PBXFileReference; lastKnownFileType = sourcecode.swift; path = SceneDelegate.swift; sourceTree = "<group>"; };
		D945FB3024A1445900DBD8F1 /* ViewController.swift */ = {isa = PBXFileReference; lastKnownFileType = sourcecode.swift; path = ViewController.swift; sourceTree = "<group>"; };
		D945FB3324A1445900DBD8F1 /* Base */ = {isa = PBXFileReference; lastKnownFileType = file.storyboard; name = Base; path = Base.lproj/Main.storyboard; sourceTree = "<group>"; };
		D945FB3524A1445E00DBD8F1 /* Assets.xcassets */ = {isa = PBXFileReference; lastKnownFileType = folder.assetcatalog; path = Assets.xcassets; sourceTree = "<group>"; };
		D945FB3824A1445E00DBD8F1 /* Base */ = {isa = PBXFileReference; lastKnownFileType = file.storyboard; name = Base; path = Base.lproj/LaunchScreen.storyboard; sourceTree = "<group>"; };
		D945FB3A24A1445E00DBD8F1 /* Info.plist */ = {isa = PBXFileReference; lastKnownFileType = text.plist.xml; path = Info.plist; sourceTree = "<group>"; };
		D945FB3F24A1445E00DBD8F1 /* Project_moobarak_finalTests.xctest */ = {isa = PBXFileReference; explicitFileType = wrapper.cfbundle; includeInIndex = 0; name = Project_moobarak_finalTests.xctest; path = "/Users/alaydesai/Documents/Project_moobarak_final/build/Debug-iphoneos/Project_moobarak_finalTests.xctest"; sourceTree = "<absolute>"; };
		D945FB4324A1445E00DBD8F1 /* Project_moobarak_finalTests.swift */ = {isa = PBXFileReference; lastKnownFileType = sourcecode.swift; path = Project_moobarak_finalTests.swift; sourceTree = "<group>"; };
		D945FB4524A1445E00DBD8F1 /* Info.plist */ = {isa = PBXFileReference; lastKnownFileType = text.plist.xml; path = Info.plist; sourceTree = "<group>"; };
		D945FB4A24A1445E00DBD8F1 /* Project_moobarak_finalUITests.xctest */ = {isa = PBXFileReference; explicitFileType = wrapper.cfbundle; includeInIndex = 0; name = Project_moobarak_finalUITests.xctest; path = "/Users/alaydesai/Documents/Project_moobarak_final/build/Debug-iphoneos/Project_moobarak_finalUITests.xctest"; sourceTree = "<absolute>"; };
		D945FB4E24A1445E00DBD8F1 /* Project_moobarak_finalUITests.swift */ = {isa = PBXFileReference; lastKnownFileType = sourcecode.swift; path = Project_moobarak_finalUITests.swift; sourceTree = "<group>"; };
		D945FB5024A1445E00DBD8F1 /* Info.plist */ = {isa = PBXFileReference; lastKnownFileType = text.plist.xml; path = Info.plist; sourceTree = "<group>"; };
		D945FB5C24A1456100DBD8F1 /* GoogleService-Info.plist */ = {isa = PBXFileReference; fileEncoding = 4; lastKnownFileType = text.plist.xml; path = "GoogleService-Info.plist"; sourceTree = "<group>"; };
		F8D3759F1997D73310A5F2C2 /* Pods-Project_moobarak_finalTests.release.xcconfig */ = {isa = PBXFileReference; includeInIndex = 1; lastKnownFileType = text.xcconfig; name = "Pods-Project_moobarak_finalTests.release.xcconfig"; path = "Target Support Files/Pods-Project_moobarak_finalTests/Pods-Project_moobarak_finalTests.release.xcconfig"; sourceTree = "<group>"; };
/* End PBXFileReference section */

/* Begin PBXFrameworksBuildPhase section */
		D945FB2624A1445900DBD8F1 /* Frameworks */ = {
			isa = PBXFrameworksBuildPhase;
			buildActionMask = 2147483647;
			files = (
				C684070A6A6C478829765F10 /* Pods_Project_moobarak_final.framework in Frameworks */,
			);
			runOnlyForDeploymentPostprocessing = 0;
		};
		D945FB3C24A1445E00DBD8F1 /* Frameworks */ = {
			isa = PBXFrameworksBuildPhase;
			buildActionMask = 2147483647;
			files = (
				3E0B2207CA870EA4698A9B2A /* Pods_Project_moobarak_finalTests.framework in Frameworks */,
			);
			runOnlyForDeploymentPostprocessing = 0;
		};
		D945FB4724A1445E00DBD8F1 /* Frameworks */ = {
			isa = PBXFrameworksBuildPhase;
			buildActionMask = 2147483647;
			files = (
				36476AAF92FEA20E3CED46DF /* Pods_Project_moobarak_final_Project_moobarak_finalUITests.framework in Frameworks */,
			);
			runOnlyForDeploymentPostprocessing = 0;
		};
/* End PBXFrameworksBuildPhase section */

/* Begin PBXGroup section */
		0FDE74C5164CE985DEA55B97 /* Frameworks */ = {
			isa = PBXGroup;
			children = (
				69911AD55A82976CA8E84380 /* Pods_Project_moobarak_final.framework */,
				D50509593632173809D66952 /* Pods_Project_moobarak_final_Project_moobarak_finalUITests.framework */,
				4EA7588C5B13DFBBF6C2BA75 /* Pods_Project_moobarak_finalTests.framework */,
			);
			name = Frameworks;
			sourceTree = "<group>";
		};
		25052BE221918D50212B9D9B /* Pods */ = {
			isa = PBXGroup;
			children = (
				CCCB4A2B1BD8B9827870188A /* Pods-Project_moobarak_final.debug.xcconfig */,
				A72B5C81AF587E69FE8E40B4 /* Pods-Project_moobarak_final.release.xcconfig */,
				C1B09C56C7BAD225FAAECDE0 /* Pods-Project_moobarak_final-Project_moobarak_finalUITests.debug.xcconfig */,
				0EF850D49CCF8A156B32FEEE /* Pods-Project_moobarak_final-Project_moobarak_finalUITests.release.xcconfig */,
				5327AEEA647F43597018EF76 /* Pods-Project_moobarak_finalTests.debug.xcconfig */,
				F8D3759F1997D73310A5F2C2 /* Pods-Project_moobarak_finalTests.release.xcconfig */,
			);
			name = Pods;
			path = Pods;
			sourceTree = "<group>";
		};
		D945FB2024A1445900DBD8F1 = {
			isa = PBXGroup;
			children = (
				D945FB2B24A1445900DBD8F1 /* Project_moobarak_final */,
				D945FB4224A1445E00DBD8F1 /* Project_moobarak_finalTests */,
				D945FB4D24A1445E00DBD8F1 /* Project_moobarak_finalUITests */,
				25052BE221918D50212B9D9B /* Pods */,
				0FDE74C5164CE985DEA55B97 /* Frameworks */,
			);
			sourceTree = "<group>";
		};
		D945FB2B24A1445900DBD8F1 /* Project_moobarak_final */ = {
			isa = PBXGroup;
			children = (
				D945FB2C24A1445900DBD8F1 /* AppDelegate.swift */,
				D945FB2E24A1445900DBD8F1 /* SceneDelegate.swift */,
				D945FB3024A1445900DBD8F1 /* ViewController.swift */,
				D945FB3224A1445900DBD8F1 /* Main.storyboard */,
				D945FB3524A1445E00DBD8F1 /* Assets.xcassets */,
				D945FB3724A1445E00DBD8F1 /* LaunchScreen.storyboard */,
				D945FB3A24A1445E00DBD8F1 /* Info.plist */,
				D945FB5C24A1456100DBD8F1 /* GoogleService-Info.plist */,
			);
			path = Project_moobarak_final;
			sourceTree = "<group>";
		};
		D945FB4224A1445E00DBD8F1 /* Project_moobarak_finalTests */ = {
			isa = PBXGroup;
			children = (
				D945FB4324A1445E00DBD8F1 /* Project_moobarak_finalTests.swift */,
				D945FB4524A1445E00DBD8F1 /* Info.plist */,
			);
			path = Project_moobarak_finalTests;
			sourceTree = "<group>";
		};
		D945FB4D24A1445E00DBD8F1 /* Project_moobarak_finalUITests */ = {
			isa = PBXGroup;
			children = (
				D945FB4E24A1445E00DBD8F1 /* Project_moobarak_finalUITests.swift */,
				D945FB5024A1445E00DBD8F1 /* Info.plist */,
			);
			path = Project_moobarak_finalUITests;
			sourceTree = "<group>";
		};
/* End PBXGroup section */

/* Begin PBXNativeTarget section */
		D945FB2824A1445900DBD8F1 /* Project_moobarak_final */ = {
			isa = PBXNativeTarget;
			buildConfigurationList = D945FB5324A1445E00DBD8F1 /* Build configuration list for PBXNativeTarget "Project_moobarak_final" */;
			buildPhases = (
				C8C02B93D722A5F286DFF7C8 /* [CP] Check Pods Manifest.lock */,
				D945FB2524A1445900DBD8F1 /* Sources */,
				D945FB2624A1445900DBD8F1 /* Frameworks */,
				D945FB2724A1445900DBD8F1 /* Resources */,
				C124D4462490AAE34C07A23E /* [CP] Embed Pods Frameworks */,
				597030E538E2DBDCC651B838 /* [CP] Copy Pods Resources */,
			);
			buildRules = (
			);
			dependencies = (
			);
			name = Project_moobarak_final;
			productName = Project_moobarak_final;
			productReference = D945FB2924A1445900DBD8F1 /* Project_moobarak_final.app */;
			productType = "com.apple.product-type.application";
		};
		D945FB3E24A1445E00DBD8F1 /* Project_moobarak_finalTests */ = {
			isa = PBXNativeTarget;
			buildConfigurationList = D945FB5624A1445E00DBD8F1 /* Build configuration list for PBXNativeTarget "Project_moobarak_finalTests" */;
			buildPhases = (
				F7F30D14DE17FEC499AD2F14 /* [CP] Check Pods Manifest.lock */,
				D945FB3B24A1445E00DBD8F1 /* Sources */,
				D945FB3C24A1445E00DBD8F1 /* Frameworks */,
				D945FB3D24A1445E00DBD8F1 /* Resources */,
			);
			buildRules = (
			);
			dependencies = (
				D945FB4124A1445E00DBD8F1 /* PBXTargetDependency */,
			);
			name = Project_moobarak_finalTests;
			productName = Project_moobarak_finalTests;
			productReference = D945FB3F24A1445E00DBD8F1 /* Project_moobarak_finalTests.xctest */;
			productType = "com.apple.product-type.bundle.unit-test";
		};
		D945FB4924A1445E00DBD8F1 /* Project_moobarak_finalUITests */ = {
			isa = PBXNativeTarget;
			buildConfigurationList = D945FB5924A1445E00DBD8F1 /* Build configuration list for PBXNativeTarget "Project_moobarak_finalUITests" */;
			buildPhases = (
				29C23AF7F7EF3AA4655F20A1 /* [CP] Check Pods Manifest.lock */,
				D945FB4624A1445E00DBD8F1 /* Sources */,
				D945FB4724A1445E00DBD8F1 /* Frameworks */,
				D945FB4824A1445E00DBD8F1 /* Resources */,
				A7BD85470B47A0841D8159B4 /* [CP] Embed Pods Frameworks */,
				4922772EE41DF55F46E1B2A7 /* [CP] Copy Pods Resources */,
			);
			buildRules = (
			);
			dependencies = (
				D945FB4C24A1445E00DBD8F1 /* PBXTargetDependency */,
			);
			name = Project_moobarak_finalUITests;
			productName = Project_moobarak_finalUITests;
			productReference = D945FB4A24A1445E00DBD8F1 /* Project_moobarak_finalUITests.xctest */;
			productType = "com.apple.product-type.bundle.ui-testing";
		};
/* End PBXNativeTarget section */

/* Begin PBXProject section */
		D945FB2124A1445900DBD8F1 /* Project object */ = {
			isa = PBXProject;
			attributes = {
				LastSwiftUpdateCheck = 1150;
				LastUpgradeCheck = 1150;
				ORGANIZATIONNAME = "Alay Desai";
				TargetAttributes = {
					D945FB2824A1445900DBD8F1 = {
						CreatedOnToolsVersion = 11.5;
					};
					D945FB3E24A1445E00DBD8F1 = {
						CreatedOnToolsVersion = 11.5;
						TestTargetID = D945FB2824A1445900DBD8F1;
					};
					D945FB4924A1445E00DBD8F1 = {
						CreatedOnToolsVersion = 11.5;
						TestTargetID = D945FB2824A1445900DBD8F1;
					};
				};
			};
			buildConfigurationList = D945FB2424A1445900DBD8F1 /* Build configuration list for PBXProject "Project_moobarak_final" */;
			compatibilityVersion = "Xcode 9.3";
			developmentRegion = en;
			hasScannedForEncodings = 0;
			knownRegions = (
				en,
				Base,
			);
			mainGroup = D945FB2024A1445900DBD8F1;
			productRefGroup = D945FB2024A1445900DBD8F1;
			projectDirPath = "";
			projectRoot = "";
			targets = (
				D945FB2824A1445900DBD8F1 /* Project_moobarak_final */,
				D945FB3E24A1445E00DBD8F1 /* Project_moobarak_finalTests */,
				D945FB4924A1445E00DBD8F1 /* Project_moobarak_finalUITests */,
			);
		};
/* End PBXProject section */

/* Begin PBXResourcesBuildPhase section */
		D945FB2724A1445900DBD8F1 /* Resources */ = {
			isa = PBXResourcesBuildPhase;
			buildActionMask = 2147483647;
			files = (
				D945FB3924A1445E00DBD8F1 /* LaunchScreen.storyboard in Resources */,
				D945FB5D24A1456100DBD8F1 /* GoogleService-Info.plist in Resources */,
				D945FB3624A1445E00DBD8F1 /* Assets.xcassets in Resources */,
				D945FB3424A1445900DBD8F1 /* Main.storyboard in Resources */,
			);
			runOnlyForDeploymentPostprocessing = 0;
		};
		D945FB3D24A1445E00DBD8F1 /* Resources */ = {
			isa = PBXResourcesBuildPhase;
			buildActionMask = 2147483647;
			files = (
			);
			runOnlyForDeploymentPostprocessing = 0;
		};
		D945FB4824A1445E00DBD8F1 /* Resources */ = {
			isa = PBXResourcesBuildPhase;
			buildActionMask = 2147483647;
			files = (
			);
			runOnlyForDeploymentPostprocessing = 0;
		};
/* End PBXResourcesBuildPhase section */

/* Begin PBXShellScriptBuildPhase section */
		29C23AF7F7EF3AA4655F20A1 /* [CP] Check Pods Manifest.lock */ = {
			isa = PBXShellScriptBuildPhase;
			buildActionMask = 2147483647;
			files = (
			);
			inputFileListPaths = (
			);
			inputPaths = (
				"${PODS_PODFILE_DIR_PATH}/Podfile.lock",
				"${PODS_ROOT}/Manifest.lock",
			);
			name = "[CP] Check Pods Manifest.lock";
			outputFileListPaths = (
			);
			outputPaths = (
				"$(DERIVED_FILE_DIR)/Pods-Project_moobarak_final-Project_moobarak_finalUITests-checkManifestLockResult.txt",
			);
			runOnlyForDeploymentPostprocessing = 0;
			shellPath = /bin/sh;
			shellScript = "diff \"${PODS_PODFILE_DIR_PATH}/Podfile.lock\" \"${PODS_ROOT}/Manifest.lock\" > /dev/null\nif [ $? != 0 ] ; then\n    # print error to STDERR\n    echo \"error: The sandbox is not in sync with the Podfile.lock. Run 'pod install' or update your CocoaPods installation.\" >&2\n    exit 1\nfi\n# This output is used by Xcode 'outputs' to avoid re-running this script phase.\necho \"SUCCESS\" > \"${SCRIPT_OUTPUT_FILE_0}\"\n";
			showEnvVarsInLog = 0;
		};
		4922772EE41DF55F46E1B2A7 /* [CP] Copy Pods Resources */ = {
			isa = PBXShellScriptBuildPhase;
			buildActionMask = 2147483647;
			files = (
			);
			inputFileListPaths = (
				"${PODS_ROOT}/Target Support Files/Pods-Project_moobarak_final-Project_moobarak_finalUITests/Pods-Project_moobarak_final-Project_moobarak_finalUITests-resources-${CONFIGURATION}-input-files.xcfilelist",
			);
			name = "[CP] Copy Pods Resources";
			outputFileListPaths = (
				"${PODS_ROOT}/Target Support Files/Pods-Project_moobarak_final-Project_moobarak_finalUITests/Pods-Project_moobarak_final-Project_moobarak_finalUITests-resources-${CONFIGURATION}-output-files.xcfilelist",
			);
			runOnlyForDeploymentPostprocessing = 0;
			shellPath = /bin/sh;
			shellScript = "\"${PODS_ROOT}/Target Support Files/Pods-Project_moobarak_final-Project_moobarak_finalUITests/Pods-Project_moobarak_final-Project_moobarak_finalUITests-resources.sh\"\n";
			showEnvVarsInLog = 0;
		};
		597030E538E2DBDCC651B838 /* [CP] Copy Pods Resources */ = {
			isa = PBXShellScriptBuildPhase;
			buildActionMask = 2147483647;
			files = (
			);
			inputFileListPaths = (
				"${PODS_ROOT}/Target Support Files/Pods-Project_moobarak_final/Pods-Project_moobarak_final-resources-${CONFIGURATION}-input-files.xcfilelist",
			);
			name = "[CP] Copy Pods Resources";
			outputFileListPaths = (
				"${PODS_ROOT}/Target Support Files/Pods-Project_moobarak_final/Pods-Project_moobarak_final-resources-${CONFIGURATION}-output-files.xcfilelist",
			);
			runOnlyForDeploymentPostprocessing = 0;
			shellPath = /bin/sh;
			shellScript = "\"${PODS_ROOT}/Target Support Files/Pods-Project_moobarak_final/Pods-Project_moobarak_final-resources.sh\"\n";
			showEnvVarsInLog = 0;
		};
		A7BD85470B47A0841D8159B4 /* [CP] Embed Pods Frameworks */ = {
			isa = PBXShellScriptBuildPhase;
			buildActionMask = 2147483647;
			files = (
			);
			inputFileListPaths = (
				"${PODS_ROOT}/Target Support Files/Pods-Project_moobarak_final-Project_moobarak_finalUITests/Pods-Project_moobarak_final-Project_moobarak_finalUITests-frameworks-${CONFIGURATION}-input-files.xcfilelist",
			);
			name = "[CP] Embed Pods Frameworks";
			outputFileListPaths = (
				"${PODS_ROOT}/Target Support Files/Pods-Project_moobarak_final-Project_moobarak_finalUITests/Pods-Project_moobarak_final-Project_moobarak_finalUITests-frameworks-${CONFIGURATION}-output-files.xcfilelist",
			);
			runOnlyForDeploymentPostprocessing = 0;
			shellPath = /bin/sh;
			shellScript = "\"${PODS_ROOT}/Target Support Files/Pods-Project_moobarak_final-Project_moobarak_finalUITests/Pods-Project_moobarak_final-Project_moobarak_finalUITests-frameworks.sh\"\n";
			showEnvVarsInLog = 0;
		};
		C124D4462490AAE34C07A23E /* [CP] Embed Pods Frameworks */ = {
			isa = PBXShellScriptBuildPhase;
			buildActionMask = 2147483647;
			files = (
			);
			inputFileListPaths = (
				"${PODS_ROOT}/Target Support Files/Pods-Project_moobarak_final/Pods-Project_moobarak_final-frameworks-${CONFIGURATION}-input-files.xcfilelist",
			);
			name = "[CP] Embed Pods Frameworks";
			outputFileListPaths = (
				"${PODS_ROOT}/Target Support Files/Pods-Project_moobarak_final/Pods-Project_moobarak_final-frameworks-${CONFIGURATION}-output-files.xcfilelist",
			);
			runOnlyForDeploymentPostprocessing = 0;
			shellPath = /bin/sh;
			shellScript = "\"${PODS_ROOT}/Target Support Files/Pods-Project_moobarak_final/Pods-Project_moobarak_final-frameworks.sh\"\n";
			showEnvVarsInLog = 0;
		};
		C8C02B93D722A5F286DFF7C8 /* [CP] Check Pods Manifest.lock */ = {
			isa = PBXShellScriptBuildPhase;
			buildActionMask = 2147483647;
			files = (
			);
			inputFileListPaths = (
			);
			inputPaths = (
				"${PODS_PODFILE_DIR_PATH}/Podfile.lock",
				"${PODS_ROOT}/Manifest.lock",
			);
			name = "[CP] Check Pods Manifest.lock";
			outputFileListPaths = (
			);
			outputPaths = (
				"$(DERIVED_FILE_DIR)/Pods-Project_moobarak_final-checkManifestLockResult.txt",
			);
			runOnlyForDeploymentPostprocessing = 0;
			shellPath = /bin/sh;
			shellScript = "diff \"${PODS_PODFILE_DIR_PATH}/Podfile.lock\" \"${PODS_ROOT}/Manifest.lock\" > /dev/null\nif [ $? != 0 ] ; then\n    # print error to STDERR\n    echo \"error: The sandbox is not in sync with the Podfile.lock. Run 'pod install' or update your CocoaPods installation.\" >&2\n    exit 1\nfi\n# This output is used by Xcode 'outputs' to avoid re-running this script phase.\necho \"SUCCESS\" > \"${SCRIPT_OUTPUT_FILE_0}\"\n";
			showEnvVarsInLog = 0;
		};
		F7F30D14DE17FEC499AD2F14 /* [CP] Check Pods Manifest.lock */ = {
			isa = PBXShellScriptBuildPhase;
			buildActionMask = 2147483647;
			files = (
			);
			inputFileListPaths = (
			);
			inputPaths = (
				"${PODS_PODFILE_DIR_PATH}/Podfile.lock",
				"${PODS_ROOT}/Manifest.lock",
			);
			name = "[CP] Check Pods Manifest.lock";
			outputFileListPaths = (
			);
			outputPaths = (
				"$(DERIVED_FILE_DIR)/Pods-Project_moobarak_finalTests-checkManifestLockResult.txt",
			);
			runOnlyForDeploymentPostprocessing = 0;
			shellPath = /bin/sh;
			shellScript = "diff \"${PODS_PODFILE_DIR_PATH}/Podfile.lock\" \"${PODS_ROOT}/Manifest.lock\" > /dev/null\nif [ $? != 0 ] ; then\n    # print error to STDERR\n    echo \"error: The sandbox is not in sync with the Podfile.lock. Run 'pod install' or update your CocoaPods installation.\" >&2\n    exit 1\nfi\n# This output is used by Xcode 'outputs' to avoid re-running this script phase.\necho \"SUCCESS\" > \"${SCRIPT_OUTPUT_FILE_0}\"\n";
			showEnvVarsInLog = 0;
		};
/* End PBXShellScriptBuildPhase section */

/* Begin PBXSourcesBuildPhase section */
		D945FB2524A1445900DBD8F1 /* Sources */ = {
			isa = PBXSourcesBuildPhase;
			buildActionMask = 2147483647;
			files = (
				D945FB3124A1445900DBD8F1 /* ViewController.swift in Sources */,
				D945FB2D24A1445900DBD8F1 /* AppDelegate.swift in Sources */,
				D945FB2F24A1445900DBD8F1 /* SceneDelegate.swift in Sources */,
			);
			runOnlyForDeploymentPostprocessing = 0;
		};
		D945FB3B24A1445E00DBD8F1 /* Sources */ = {
			isa = PBXSourcesBuildPhase;
			buildActionMask = 2147483647;
			files = (
				D945FB4424A1445E00DBD8F1 /* Project_moobarak_finalTests.swift in Sources */,
			);
			runOnlyForDeploymentPostprocessing = 0;
		};
		D945FB4624A1445E00DBD8F1 /* Sources */ = {
			isa = PBXSourcesBuildPhase;
			buildActionMask = 2147483647;
			files = (
				D945FB4F24A1445E00DBD8F1 /* Project_moobarak_finalUITests.swift in Sources */,
			);
			runOnlyForDeploymentPostprocessing = 0;
		};
/* End PBXSourcesBuildPhase section */

/* Begin PBXTargetDependency section */
		D945FB4124A1445E00DBD8F1 /* PBXTargetDependency */ = {
			isa = PBXTargetDependency;
			target = D945FB2824A1445900DBD8F1 /* Project_moobarak_final */;
			targetProxy = D945FB4024A1445E00DBD8F1 /* PBXContainerItemProxy */;
		};
		D945FB4C24A1445E00DBD8F1 /* PBXTargetDependency */ = {
			isa = PBXTargetDependency;
			target = D945FB2824A1445900DBD8F1 /* Project_moobarak_final */;
			targetProxy = D945FB4B24A1445E00DBD8F1 /* PBXContainerItemProxy */;
		};
/* End PBXTargetDependency section */

/* Begin PBXVariantGroup section */
		D945FB3224A1445900DBD8F1 /* Main.storyboard */ = {
			isa = PBXVariantGroup;
			children = (
				D945FB3324A1445900DBD8F1 /* Base */,
			);
			name = Main.storyboard;
			sourceTree = "<group>";
		};
		D945FB3724A1445E00DBD8F1 /* LaunchScreen.storyboard */ = {
			isa = PBXVariantGroup;
			children = (
				D945FB3824A1445E00DBD8F1 /* Base */,
			);
			name = LaunchScreen.storyboard;
			sourceTree = "<group>";
		};
/* End PBXVariantGroup section */

/* Begin XCBuildConfiguration section */
		D945FB5124A1445E00DBD8F1 /* Debug */ = {
			isa = XCBuildConfiguration;
			buildSettings = {
				ALWAYS_SEARCH_USER_PATHS = NO;
				CLANG_ANALYZER_NONNULL = YES;
				CLANG_ANALYZER_NUMBER_OBJECT_CONVERSION = YES_AGGRESSIVE;
				CLANG_CXX_LANGUAGE_STANDARD = "gnu++14";
				CLANG_CXX_LIBRARY = "libc++";
				CLANG_ENABLE_MODULES = YES;
				CLANG_ENABLE_OBJC_ARC = YES;
				CLANG_ENABLE_OBJC_WEAK = YES;
				CLANG_WARN_BLOCK_CAPTURE_AUTORELEASING = YES;
				CLANG_WARN_BOOL_CONVERSION = YES;
				CLANG_WARN_COMMA = YES;
				CLANG_WARN_CONSTANT_CONVERSION = YES;
				CLANG_WARN_DEPRECATED_OBJC_IMPLEMENTATIONS = YES;
				CLANG_WARN_DIRECT_OBJC_ISA_USAGE = YES_ERROR;
				CLANG_WARN_DOCUMENTATION_COMMENTS = YES;
				CLANG_WARN_EMPTY_BODY = YES;
				CLANG_WARN_ENUM_CONVERSION = YES;
				CLANG_WARN_INFINITE_RECURSION = YES;
				CLANG_WARN_INT_CONVERSION = YES;
				CLANG_WARN_NON_LITERAL_NULL_CONVERSION = YES;
				CLANG_WARN_OBJC_IMPLICIT_RETAIN_SELF = YES;
				CLANG_WARN_OBJC_LITERAL_CONVERSION = YES;
				CLANG_WARN_OBJC_ROOT_CLASS = YES_ERROR;
				CLANG_WARN_RANGE_LOOP_ANALYSIS = YES;
				CLANG_WARN_STRICT_PROTOTYPES = YES;
				CLANG_WARN_SUSPICIOUS_MOVE = YES;
				CLANG_WARN_UNGUARDED_AVAILABILITY = YES_AGGRESSIVE;
				CLANG_WARN_UNREACHABLE_CODE = YES;
				CLANG_WARN__DUPLICATE_METHOD_MATCH = YES;
				COPY_PHASE_STRIP = NO;
				DEBUG_INFORMATION_FORMAT = dwarf;
				ENABLE_STRICT_OBJC_MSGSEND = YES;
				ENABLE_TESTABILITY = YES;
				GCC_C_LANGUAGE_STANDARD = gnu11;
				GCC_DYNAMIC_NO_PIC = NO;
				GCC_NO_COMMON_BLOCKS = YES;
				GCC_OPTIMIZATION_LEVEL = 0;
				GCC_PREPROCESSOR_DEFINITIONS = (
					"DEBUG=1",
					"$(inherited)",
				);
				GCC_WARN_64_TO_32_BIT_CONVERSION = YES;
				GCC_WARN_ABOUT_RETURN_TYPE = YES_ERROR;
				GCC_WARN_UNDECLARED_SELECTOR = YES;
				GCC_WARN_UNINITIALIZED_AUTOS = YES_AGGRESSIVE;
				GCC_WARN_UNUSED_FUNCTION = YES;
				GCC_WARN_UNUSED_VARIABLE = YES;
				IPHONEOS_DEPLOYMENT_TARGET = 13.5;
				MTL_ENABLE_DEBUG_INFO = INCLUDE_SOURCE;
				MTL_FAST_MATH = YES;
				ONLY_ACTIVE_ARCH = YES;
				SDKROOT = iphoneos;
				SWIFT_ACTIVE_COMPILATION_CONDITIONS = DEBUG;
				SWIFT_OPTIMIZATION_LEVEL = "-Onone";
			};
			name = Debug;
		};
		D945FB5224A1445E00DBD8F1 /* Release */ = {
			isa = XCBuildConfiguration;
			buildSettings = {
				ALWAYS_SEARCH_USER_PATHS = NO;
				CLANG_ANALYZER_NONNULL = YES;
				CLANG_ANALYZER_NUMBER_OBJECT_CONVERSION = YES_AGGRESSIVE;
				CLANG_CXX_LANGUAGE_STANDARD = "gnu++14";
				CLANG_CXX_LIBRARY = "libc++";
				CLANG_ENABLE_MODULES = YES;
				CLANG_ENABLE_OBJC_ARC = YES;
				CLANG_ENABLE_OBJC_WEAK = YES;
				CLANG_WARN_BLOCK_CAPTURE_AUTORELEASING = YES;
				CLANG_WARN_BOOL_CONVERSION = YES;
				CLANG_WARN_COMMA = YES;
				CLANG_WARN_CONSTANT_CONVERSION = YES;
				CLANG_WARN_DEPRECATED_OBJC_IMPLEMENTATIONS = YES;
				CLANG_WARN_DIRECT_OBJC_ISA_USAGE = YES_ERROR;
				CLANG_WARN_DOCUMENTATION_COMMENTS = YES;
				CLANG_WARN_EMPTY_BODY = YES;
				CLANG_WARN_ENUM_CONVERSION = YES;
				CLANG_WARN_INFINITE_RECURSION = YES;
				CLANG_WARN_INT_CONVERSION = YES;
				CLANG_WARN_NON_LITERAL_NULL_CONVERSION = YES;
				CLANG_WARN_OBJC_IMPLICIT_RETAIN_SELF = YES;
				CLANG_WARN_OBJC_LITERAL_CONVERSION = YES;
				CLANG_WARN_OBJC_ROOT_CLASS = YES_ERROR;
				CLANG_WARN_RANGE_LOOP_ANALYSIS = YES;
				CLANG_WARN_STRICT_PROTOTYPES = YES;
				CLANG_WARN_SUSPICIOUS_MOVE = YES;
				CLANG_WARN_UNGUARDED_AVAILABILITY = YES_AGGRESSIVE;
				CLANG_WARN_UNREACHABLE_CODE = YES;
				CLANG_WARN__DUPLICATE_METHOD_MATCH = YES;
				COPY_PHASE_STRIP = NO;
				DEBUG_INFORMATION_FORMAT = "dwarf-with-dsym";
				ENABLE_NS_ASSERTIONS = NO;
				ENABLE_STRICT_OBJC_MSGSEND = YES;
				GCC_C_LANGUAGE_STANDARD = gnu11;
				GCC_NO_COMMON_BLOCKS = YES;
				GCC_WARN_64_TO_32_BIT_CONVERSION = YES;
				GCC_WARN_ABOUT_RETURN_TYPE = YES_ERROR;
				GCC_WARN_UNDECLARED_SELECTOR = YES;
				GCC_WARN_UNINITIALIZED_AUTOS = YES_AGGRESSIVE;
				GCC_WARN_UNUSED_FUNCTION = YES;
				GCC_WARN_UNUSED_VARIABLE = YES;
				IPHONEOS_DEPLOYMENT_TARGET = 13.5;
				MTL_ENABLE_DEBUG_INFO = NO;
				MTL_FAST_MATH = YES;
				SDKROOT = iphoneos;
				SWIFT_COMPILATION_MODE = wholemodule;
				SWIFT_OPTIMIZATION_LEVEL = "-O";
				VALIDATE_PRODUCT = YES;
			};
			name = Release;
		};
		D945FB5424A1445E00DBD8F1 /* Debug */ = {
			isa = XCBuildConfiguration;
			baseConfigurationReference = CCCB4A2B1BD8B9827870188A /* Pods-Project_moobarak_final.debug.xcconfig */;
			buildSettings = {
				ASSETCATALOG_COMPILER_APPICON_NAME = AppIcon;
				CODE_SIGN_STYLE = Automatic;
				DEVELOPMENT_TEAM = J3M2YK24PW;
				INFOPLIST_FILE = Project_moobarak_final/Info.plist;
				LD_RUNPATH_SEARCH_PATHS = (
					"$(inherited)",
					"@executable_path/Frameworks",
				);
				PRODUCT_BUNDLE_IDENTIFIER = "codesmart.Project-moobarak-final";
				PRODUCT_NAME = "$(TARGET_NAME)";
				SWIFT_VERSION = 5.0;
				TARGETED_DEVICE_FAMILY = "1,2";
			};
			name = Debug;
		};
		D945FB5524A1445E00DBD8F1 /* Release */ = {
			isa = XCBuildConfiguration;
			baseConfigurationReference = A72B5C81AF587E69FE8E40B4 /* Pods-Project_moobarak_final.release.xcconfig */;
			buildSettings = {
				ASSETCATALOG_COMPILER_APPICON_NAME = AppIcon;
				CODE_SIGN_STYLE = Automatic;
				DEVELOPMENT_TEAM = J3M2YK24PW;
				INFOPLIST_FILE = Project_moobarak_final/Info.plist;
				LD_RUNPATH_SEARCH_PATHS = (
					"$(inherited)",
					"@executable_path/Frameworks",
				);
				PRODUCT_BUNDLE_IDENTIFIER = "codesmart.Project-moobarak-final";
				PRODUCT_NAME = "$(TARGET_NAME)";
				SWIFT_VERSION = 5.0;
				TARGETED_DEVICE_FAMILY = "1,2";
			};
			name = Release;
		};
		D945FB5724A1445E00DBD8F1 /* Debug */ = {
			isa = XCBuildConfiguration;
			baseConfigurationReference = 5327AEEA647F43597018EF76 /* Pods-Project_moobarak_finalTests.debug.xcconfig */;
			buildSettings = {
				ALWAYS_EMBED_SWIFT_STANDARD_LIBRARIES = YES;
				BUNDLE_LOADER = "$(TEST_HOST)";
				CODE_SIGN_STYLE = Automatic;
				DEVELOPMENT_TEAM = J3M2YK24PW;
				INFOPLIST_FILE = Project_moobarak_finalTests/Info.plist;
				IPHONEOS_DEPLOYMENT_TARGET = 13.5;
				LD_RUNPATH_SEARCH_PATHS = (
					"$(inherited)",
					"@executable_path/Frameworks",
					"@loader_path/Frameworks",
				);
				PRODUCT_BUNDLE_IDENTIFIER = "codesmart.Project-moobarak-finalTests";
				PRODUCT_NAME = "$(TARGET_NAME)";
				SWIFT_VERSION = 5.0;
				TARGETED_DEVICE_FAMILY = "1,2";
				TEST_HOST = "$(BUILT_PRODUCTS_DIR)/Project_moobarak_final.app/Project_moobarak_final";
			};
			name = Debug;
		};
		D945FB5824A1445E00DBD8F1 /* Release */ = {
			isa = XCBuildConfiguration;
			baseConfigurationReference = F8D3759F1997D73310A5F2C2 /* Pods-Project_moobarak_finalTests.release.xcconfig */;
			buildSettings = {
				ALWAYS_EMBED_SWIFT_STANDARD_LIBRARIES = YES;
				BUNDLE_LOADER = "$(TEST_HOST)";
				CODE_SIGN_STYLE = Automatic;
				DEVELOPMENT_TEAM = J3M2YK24PW;
				INFOPLIST_FILE = Project_moobarak_finalTests/Info.plist;
				IPHONEOS_DEPLOYMENT_TARGET = 13.5;
				LD_RUNPATH_SEARCH_PATHS = (
					"$(inherited)",
					"@executable_path/Frameworks",
					"@loader_path/Frameworks",
				);
				PRODUCT_BUNDLE_IDENTIFIER = "codesmart.Project-moobarak-finalTests";
				PRODUCT_NAME = "$(TARGET_NAME)";
				SWIFT_VERSION = 5.0;
				TARGETED_DEVICE_FAMILY = "1,2";
				TEST_HOST = "$(BUILT_PRODUCTS_DIR)/Project_moobarak_final.app/Project_moobarak_final";
			};
			name = Release;
		};
		D945FB5A24A1445E00DBD8F1 /* Debug */ = {
			isa = XCBuildConfiguration;
			baseConfigurationReference = C1B09C56C7BAD225FAAECDE0 /* Pods-Project_moobarak_final-Project_moobarak_finalUITests.debug.xcconfig */;
			buildSettings = {
				ALWAYS_EMBED_SWIFT_STANDARD_LIBRARIES = YES;
				CODE_SIGN_STYLE = Automatic;
				DEVELOPMENT_TEAM = J3M2YK24PW;
				INFOPLIST_FILE = Project_moobarak_finalUITests/Info.plist;
				LD_RUNPATH_SEARCH_PATHS = (
					"$(inherited)",
					"@executable_path/Frameworks",
					"@loader_path/Frameworks",
				);
				PRODUCT_BUNDLE_IDENTIFIER = "codesmart.Project-moobarak-finalUITests";
				PRODUCT_NAME = "$(TARGET_NAME)";
				SWIFT_VERSION = 5.0;
				TARGETED_DEVICE_FAMILY = "1,2";
				TEST_TARGET_NAME = Project_moobarak_final;
			};
			name = Debug;
		};
		D945FB5B24A1445E00DBD8F1 /* Release */ = {
			isa = XCBuildConfiguration;
			baseConfigurationReference = 0EF850D49CCF8A156B32FEEE /* Pods-Project_moobarak_final-Project_moobarak_finalUITests.release.xcconfig */;
			buildSettings = {
				ALWAYS_EMBED_SWIFT_STANDARD_LIBRARIES = YES;
				CODE_SIGN_STYLE = Automatic;
				DEVELOPMENT_TEAM = J3M2YK24PW;
				INFOPLIST_FILE = Project_moobarak_finalUITests/Info.plist;
				LD_RUNPATH_SEARCH_PATHS = (
					"$(inherited)",
					"@executable_path/Frameworks",
					"@loader_path/Frameworks",
				);
				PRODUCT_BUNDLE_IDENTIFIER = "codesmart.Project-moobarak-finalUITests";
				PRODUCT_NAME = "$(TARGET_NAME)";
				SWIFT_VERSION = 5.0;
				TARGETED_DEVICE_FAMILY = "1,2";
				TEST_TARGET_NAME = Project_moobarak_final;
			};
			name = Release;
		};
/* End XCBuildConfiguration section */

/* Begin XCConfigurationList section */
		D945FB2424A1445900DBD8F1 /* Build configuration list for PBXProject "Project_moobarak_final" */ = {
			isa = XCConfigurationList;
			buildConfigurations = (
				D945FB5124A1445E00DBD8F1 /* Debug */,
				D945FB5224A1445E00DBD8F1 /* Release */,
			);
			defaultConfigurationIsVisible = 0;
			defaultConfigurationName = Release;
		};
		D945FB5324A1445E00DBD8F1 /* Build configuration list for PBXNativeTarget "Project_moobarak_final" */ = {
			isa = XCConfigurationList;
			buildConfigurations = (
				D945FB5424A1445E00DBD8F1 /* Debug */,
				D945FB5524A1445E00DBD8F1 /* Release */,
			);
			defaultConfigurationIsVisible = 0;
			defaultConfigurationName = Release;
		};
		D945FB5624A1445E00DBD8F1 /* Build configuration list for PBXNativeTarget "Project_moobarak_finalTests" */ = {
			isa = XCConfigurationList;
			buildConfigurations = (
				D945FB5724A1445E00DBD8F1 /* Debug */,
				D945FB5824A1445E00DBD8F1 /* Release */,
			);
			defaultConfigurationIsVisible = 0;
			defaultConfigurationName = Release;
		};
		D945FB5924A1445E00DBD8F1 /* Build configuration list for PBXNativeTarget "Project_moobarak_finalUITests" */ = {
			isa = XCConfigurationList;
			buildConfigurations = (
				D945FB5A24A1445E00DBD8F1 /* Debug */,
				D945FB5B24A1445E00DBD8F1 /* Release */,
			);
			defaultConfigurationIsVisible = 0;
			defaultConfigurationName = Release;
		};
/* End XCConfigurationList section */
	};
	rootObject = D945FB2124A1445900DBD8F1 /* Project object */;
}
